{
  "requires": true,
  "lockfileVersion": 1,
  "dependencies": {
    "@babel/runtime": {
      "version": "7.2.0",
      "resolved": "https://registry.npmjs.org/@babel/runtime/-/runtime-7.2.0.tgz",
      "integrity": "sha512-oouEibCbHMVdZSDlJBO6bZmID/zA/G/Qx3H1d3rSNPTD+L8UNKvCat7aKWSJ74zYbm5zWGh0GQN0hKj8zYFTCg==",
      "requires": {
        "regenerator-runtime": "^0.12.0"
      },
      "dependencies": {
        "regenerator-runtime": {
          "version": "0.12.1",
          "resolved": "https://registry.npmjs.org/regenerator-runtime/-/regenerator-runtime-0.12.1.tgz",
          "integrity": "sha512-odxIc1/vDlo4iZcfXqRYFj0vpXFNoGdKMAUieAlFYO6m/nl5e9KR/beGf41z4a1FI+aQgtjhuaSlDxQ0hmkrHg=="
        }
      }
    },
    "@vant/icons": {
      "version": "1.0.7",
      "resolved": "https://registry.npmjs.org/@vant/icons/-/icons-1.0.7.tgz",
      "integrity": "sha512-OD2Qc5U8iixaIe2F4lXPKt8Ie67yqGrgwF3m/FJ0NCLSskCfzhF6rsVAVO8WwA0IaQLPCMb2YhEJpTgA9eHZtA=="
    },
    "async-validator": {
      "version": "1.8.5",
      "resolved": "https://registry.npmjs.org/async-validator/-/async-validator-1.8.5.tgz",
      "integrity": "sha512-tXBM+1m056MAX0E8TL2iCjg8WvSyXu0Zc8LNtYqrVeyoL3+esHRZ4SieE9fKQyyU09uONjnMEjrNBMqT0mbvmA==",
      "requires": {
        "babel-runtime": "6.x"
      }
    },
    "babel-helper-vue-jsx-merge-props": {
      "version": "2.0.3",
      "resolved": "https://registry.npmjs.org/babel-helper-vue-jsx-merge-props/-/babel-helper-vue-jsx-merge-props-2.0.3.tgz",
      "integrity": "sha512-gsLiKK7Qrb7zYJNgiXKpXblxbV5ffSwR0f5whkPAaBAR4fhi6bwRZxX9wBlIc5M/v8CCkXUbXZL4N/nSE97cqg=="
    },
    "babel-runtime": {
      "version": "6.26.0",
      "resolved": "https://registry.npmjs.org/babel-runtime/-/babel-runtime-6.26.0.tgz",
      "integrity": "sha1-llxwWGaOgrVde/4E/yM3vItWR/4=",
      "requires": {
        "core-js": "^2.4.0",
        "regenerator-runtime": "^0.11.0"
      }
    },
    "better-scroll": {
      "version": "1.14.1",
      "resolved": "http://registry.npm.taobao.org/better-scroll/download/better-scroll-1.14.1.tgz",
      "integrity": "sha1-ZRCcUCp1DUlUP/u0II9CGzNwXC8=",
      "requires": {
        "babel-runtime": "^6.0.0"
      }
    },
    "core-js": {
      "version": "2.5.7",
      "resolved": "https://registry.npmjs.org/core-js/-/core-js-2.5.7.tgz",
      "integrity": "sha512-RszJCAxg/PP6uzXVXL6BsxSXx/B05oJAQ2vkJRjyjrEcNVycaqOmNb5OTxZPE3xa5gwZduqza6L9JOCenh/Ecw=="
    },
    "deepmerge": {
      "version": "1.5.2",
      "resolved": "https://registry.npmjs.org/deepmerge/-/deepmerge-1.5.2.tgz",
      "integrity": "sha512-95k0GDqvBjZavkuvzx/YqVLv/6YYa17fz6ILMSf7neqQITCPbnfEnQvEgMPNjH4kgobe7+WIL0yJEHku+H3qtQ=="
    },
    "element-ui": {
      "version": "2.4.10",
      "resolved": "https://registry.npmjs.org/element-ui/-/element-ui-2.4.10.tgz",
      "integrity": "sha512-yvcU6DpeZlAtCDyCI0rXi/nfDDhiO9IvoCzoXka95j+0F6S+KCw2dZksSxO5+00rGYSmIYVZ93oNkJNEQgDHOA==",
      "requires": {
        "async-validator": "~1.8.1",
        "babel-helper-vue-jsx-merge-props": "^2.0.0",
        "deepmerge": "^1.2.0",
        "normalize-wheel": "^1.0.1",
        "resize-observer-polyfill": "^1.5.0",
        "throttle-debounce": "^1.0.1"
      }
    },
    "normalize-wheel": {
      "version": "1.0.1",
      "resolved": "https://registry.npmjs.org/normalize-wheel/-/normalize-wheel-1.0.1.tgz",
      "integrity": "sha1-rsiGr/2wRQcNhWRH32Ls+GFG7EU="
    },
    "regenerator-runtime": {
      "version": "0.11.1",
      "resolved": "https://registry.npmjs.org/regenerator-runtime/-/regenerator-runtime-0.11.1.tgz",
      "integrity": "sha512-MguG95oij0fC3QV3URf4V2SDYGJhJnJGqvIIgdECeODCT98wSWDAJ94SSuVpYQUoTcGUIL6L4yNB7j1DFFHSBg=="
    },
    "resize-observer-polyfill": {
      "version": "1.5.0",
      "resolved": "https://registry.npmjs.org/resize-observer-polyfill/-/resize-observer-polyfill-1.5.0.tgz",
      "integrity": "sha512-M2AelyJDVR/oLnToJLtuDJRBBWUGUvvGigj1411hXhAdyFWqMaqHp7TixW3FpiLuVaikIcR1QL+zqoJoZlOgpg=="
    },
    "simple-assign": {
      "version": "0.1.0",
      "resolved": "http://registry.npm.taobao.org/simple-assign/download/simple-assign-0.1.0.tgz",
      "integrity": "sha1-F/0wZqXz13OPUDIbsPFMooHMS6o="
    },
    "sortablejs": {
      "version": "1.8.3",
      "resolved": "http://registry.npm.taobao.org/sortablejs/download/sortablejs-1.8.3.tgz",
      "integrity": "sha1-WukI75YwCWbpVEChQzQPXdVloN8="
    },
    "throttle-debounce": {
      "version": "1.1.0",
      "resolved": "https://registry.npmjs.org/throttle-debounce/-/throttle-debounce-1.1.0.tgz",
      "integrity": "sha512-XH8UiPCQcWNuk2LYePibW/4qL97+ZQ1AN3FNXwZRBNPPowo/NRU5fAlDCSNBJIYCKbioZfuYtMhG4quqoJhVzg=="
    },
    "vant": {
      "version": "1.5.2",
      "resolved": "https://registry.npmjs.org/vant/-/vant-1.5.2.tgz",
      "integrity": "sha512-M5JNPBgB1hljeRtzqFMWAKWdIHqmDS/gfUS1/kZJYq5Ub5Ee6DyIf2XD+MIsURosCwDtO3MeNTj9PZmXFvBIXQ==",
      "requires": {
        "@babel/runtime": "^7.1.5",
        "@vant/icons": "1.0.7",
        "vue-lazyload": "1.2.3"
      }
    },
    "vue": {
      "version": "2.6.0",
      "resolved": "http://registry.npm.taobao.org/vue/download/vue-2.6.0.tgz?cache=0&other_urls=http%3A%2F%2Fregistry.npm.taobao.org%2Fvue%2Fdownload%2Fvue-2.6.0.tgz",
      "integrity": "sha1-1e6wizsQ8zjyV2D9gwGdshU/vPs="
    },
    "vue-lazyload": {
      "version": "1.2.3",
      "resolved": "https://registry.npmjs.org/vue-lazyload/-/vue-lazyload-1.2.3.tgz",
      "integrity": "sha512-DC0ZwxanbRhx79tlA3zY5OYJkH8FYp3WBAnAJbrcuoS8eye1P73rcgAZhyxFSPUluJUTelMB+i/+VkNU/qVm7g=="
    },
    "vue2-better-scroll": {
      "version": "1.1.0",
      "resolved": "http://registry.npm.taobao.org/vue2-better-scroll/download/vue2-better-scroll-1.1.0.tgz",
      "integrity": "sha1-XnudA53n9Amr4GkoRazuPvigKk0=",
      "requires": {
        "better-scroll": "^1.13.2",
        "vue": "^2.5.21"
      },
      "dependencies": {
        "vue": {
          "version": "2.6.8",
          "resolved": "http://registry.npm.taobao.org/vue/download/vue-2.6.8.tgz",
          "integrity": "sha1-8hy8U2v8FPfR15KhN7sS9p5g6pE="
        }
      }
    },
    "vuedraggable": {
      "version": "2.19.1",
      "resolved": "http://registry.npm.taobao.org/vuedraggable/download/vuedraggable-2.19.1.tgz",
      "integrity": "sha1-BNdyxx9EgFZMcAO2bfQhTGSrOdU=",
      "requires": {
        "sortablejs": "^1.8.3"
      }
    },
    "vuep": {
      "version": "0.8.1",
      "resolved": "http://registry.npm.taobao.org/vuep/download/vuep-0.8.1.tgz",
      "integrity": "sha1-lJtFXzdXiPvX0cNcpJWg+qXVUC8=",
      "requires": {
        "simple-assign": "^0.1.0"
      }
    },
    "vuex": {
      "version": "3.1.0",
      "resolved": "http://registry.npm.taobao.org/vuex/download/vuex-3.1.0.tgz",
      "integrity": "sha1-Y0uBUVzwz+l2vR/+lgF1XlH4Q7k="
    }
  }
}
